
Microsoft Visual Studio Solution File, Format Version 12.00
# Visual Studio Version 16
VisualStudioVersion = 16.0.31702.278
MinimumVisualStudioVersion = 10.0.40219.1
Project("{FAE04EC0-301F-11D3-BF4B-00C04F79EFBC}") = "RobotWorld", "RobotWorld\RobotWorld.csproj", "{5AA4263F-18D9-4F4C-B026-5D027BFEB5E3}"
EndProject
Global
	GlobalSection(SolutionConfigurationPlatforms) = preSolution
		Debug|Any CPU = Debug|Any CPU
		Release|Any CPU = Release|Any CPU
	EndGlobalSection
	GlobalSection(ProjectConfigurationPlatforms) = postSolution
		{5AA4263F-18D9-4F4C-B026-5D027BFEB5E3}.Debug|Any CPU.ActiveCfg = Debug|Any CPU
		{5AA4263F-18D9-4F4C-B026-5D027BFEB5E3}.Debug|Any CPU.Build.0 = Debug|Any CPU
		{5AA4263F-18D9-4F4C-B026-5D027BFEB5E3}.Release|Any CPU.ActiveCfg = Release|Any CPU
		{5AA4263F-18D9-4F4C-B026-5D027BFEB5E3}.Release|Any CPU.Build.0 = Release|Any CPU
	EndGlobalSection
	GlobalSection(SolutionProperties) = preSolution
		HideSolutionNode = FALSE
	EndGlobalSection
	GlobalSection(ExtensibilityGlobals) = postSolution
		SolutionGuid = {255BDB38-5328-41BC-AE3B-490AF75066AF}
	EndGlobalSection
EndGlobal
